
Microsoft Visual Studio Solution File, Format Version 12.00
# Visual Studio Version 17
VisualStudioVersion = 17.6.33801.468
MinimumVisualStudioVersion = 10.0.40219.1
Project("{9A19103F-16F7-4668-BE54-9A1E7A4F7556}") = "Dream.Models.WinSOE", "Dream.Models.WinSOE\Dream.Models.WinSOE.csproj", "{0780B6E4-1C8C-4156-9058-774C1391C1C0}"
EndProject
Project("{9A19103F-16F7-4668-BE54-9A1E7A4F7556}") = "Dream.AgentClass", "Dream.AgentClass\Dream.AgentClass.csproj", "{FD1CDC53-D001-407B-8563-8E35DB20D482}"
EndProject
Project("{9A19103F-16F7-4668-BE54-9A1E7A4F7556}") = "Dream.IO", "Dream.IO\Dream.IO.csproj", "{88D7F539-0F5D-4CE1-88CE-A5EB8502662A}"
EndProject
Project("{9A19103F-16F7-4668-BE54-9A1E7A4F7556}") = "Dream.Models.ConsoleSOE", "ConsoleSOE\Dream.Models.ConsoleSOE.csproj", "{91203296-80C9-4274-AAE0-85CFB30857A6}"
	ProjectSection(ProjectDependencies) = postProject
		{0780B6E4-1C8C-4156-9058-774C1391C1C0} = {0780B6E4-1C8C-4156-9058-774C1391C1C0}
	EndProjectSection
EndProject
Global
	GlobalSection(SolutionConfigurationPlatforms) = preSolution
		Debug|Any CPU = Debug|Any CPU
		Release|Any CPU = Release|Any CPU
	EndGlobalSection
	GlobalSection(ProjectConfigurationPlatforms) = postSolution
		{0780B6E4-1C8C-4156-9058-774C1391C1C0}.Debug|Any CPU.ActiveCfg = Debug|Any CPU
		{0780B6E4-1C8C-4156-9058-774C1391C1C0}.Debug|Any CPU.Build.0 = Debug|Any CPU
		{0780B6E4-1C8C-4156-9058-774C1391C1C0}.Release|Any CPU.ActiveCfg = Release|Any CPU
		{0780B6E4-1C8C-4156-9058-774C1391C1C0}.Release|Any CPU.Build.0 = Release|Any CPU
		{FD1CDC53-D001-407B-8563-8E35DB20D482}.Debug|Any CPU.ActiveCfg = Debug|Any CPU
		{FD1CDC53-D001-407B-8563-8E35DB20D482}.Debug|Any CPU.Build.0 = Debug|Any CPU
		{FD1CDC53-D001-407B-8563-8E35DB20D482}.Release|Any CPU.ActiveCfg = Release|Any CPU
		{FD1CDC53-D001-407B-8563-8E35DB20D482}.Release|Any CPU.Build.0 = Release|Any CPU
		{88D7F539-0F5D-4CE1-88CE-A5EB8502662A}.Debug|Any CPU.ActiveCfg = Debug|Any CPU
		{88D7F539-0F5D-4CE1-88CE-A5EB8502662A}.Debug|Any CPU.Build.0 = Debug|Any CPU
		{88D7F539-0F5D-4CE1-88CE-A5EB8502662A}.Release|Any CPU.ActiveCfg = Release|Any CPU
		{88D7F539-0F5D-4CE1-88CE-A5EB8502662A}.Release|Any CPU.Build.0 = Release|Any CPU
		{91203296-80C9-4274-AAE0-85CFB30857A6}.Debug|Any CPU.ActiveCfg = Debug|Any CPU
		{91203296-80C9-4274-AAE0-85CFB30857A6}.Debug|Any CPU.Build.0 = Debug|Any CPU
		{91203296-80C9-4274-AAE0-85CFB30857A6}.Release|Any CPU.ActiveCfg = Release|Any CPU
		{91203296-80C9-4274-AAE0-85CFB30857A6}.Release|Any CPU.Build.0 = Release|Any CPU
	EndGlobalSection
	GlobalSection(SolutionProperties) = preSolution
		HideSolutionNode = FALSE
	EndGlobalSection
	GlobalSection(ExtensibilityGlobals) = postSolution
		SolutionGuid = {925506A7-2871-4521-857D-70365CD78F8E}
	EndGlobalSection
EndGlobal
