
Microsoft Visual Studio Solution File, Format Version 12.00
# Visual Studio Version 17
VisualStudioVersion = 17.6.33801.468
MinimumVisualStudioVersion = 10.0.40219.1
Project("{FAE04EC0-301F-11D3-BF4B-00C04F79EFBC}") = "Dream.Models.WinSOE", "Dream.Models.WinSOE\Dream.Models.WinSOE.csproj", "{0780B6E4-1C8C-4156-9058-774C1391C1C0}"
EndProject
Project("{9A19103F-16F7-4668-BE54-9A1E7A4F7556}") = "Dream.AgentClass", "..\Dream.AgentClass\Dream.AgentClass.csproj", "{10E6DEE1-E2F3-4243-B866-C40C14E3F28D}"
EndProject
Project("{9A19103F-16F7-4668-BE54-9A1E7A4F7556}") = "Dream.IO", "..\Dream.IO\Dream.IO.csproj", "{138965DA-487A-4B9F-A7FB-A70ACA7DAEBE}"
EndProject
Global
	GlobalSection(SolutionConfigurationPlatforms) = preSolution
		Debug|Any CPU = Debug|Any CPU
		Release|Any CPU = Release|Any CPU
	EndGlobalSection
	GlobalSection(ProjectConfigurationPlatforms) = postSolution
		{0780B6E4-1C8C-4156-9058-774C1391C1C0}.Debug|Any CPU.ActiveCfg = Debug|Any CPU
		{0780B6E4-1C8C-4156-9058-774C1391C1C0}.Debug|Any CPU.Build.0 = Debug|Any CPU
		{0780B6E4-1C8C-4156-9058-774C1391C1C0}.Release|Any CPU.ActiveCfg = Release|Any CPU
		{0780B6E4-1C8C-4156-9058-774C1391C1C0}.Release|Any CPU.Build.0 = Release|Any CPU
		{10E6DEE1-E2F3-4243-B866-C40C14E3F28D}.Debug|Any CPU.ActiveCfg = Debug|Any CPU
		{10E6DEE1-E2F3-4243-B866-C40C14E3F28D}.Debug|Any CPU.Build.0 = Debug|Any CPU
		{10E6DEE1-E2F3-4243-B866-C40C14E3F28D}.Release|Any CPU.ActiveCfg = Release|Any CPU
		{10E6DEE1-E2F3-4243-B866-C40C14E3F28D}.Release|Any CPU.Build.0 = Release|Any CPU
		{138965DA-487A-4B9F-A7FB-A70ACA7DAEBE}.Debug|Any CPU.ActiveCfg = Debug|Any CPU
		{138965DA-487A-4B9F-A7FB-A70ACA7DAEBE}.Debug|Any CPU.Build.0 = Debug|Any CPU
		{138965DA-487A-4B9F-A7FB-A70ACA7DAEBE}.Release|Any CPU.ActiveCfg = Release|Any CPU
		{138965DA-487A-4B9F-A7FB-A70ACA7DAEBE}.Release|Any CPU.Build.0 = Release|Any CPU
	EndGlobalSection
	GlobalSection(SolutionProperties) = preSolution
		HideSolutionNode = FALSE
	EndGlobalSection
	GlobalSection(ExtensibilityGlobals) = postSolution
		SolutionGuid = {925506A7-2871-4521-857D-70365CD78F8E}
	EndGlobalSection
EndGlobal
